dependencies:
- name: mlflow
  repository: https://charts.bitnami.com/bitnami
  version: 1.4.22
- name: postgresql
  repository: https://charts.bitnami.com/bitnami
  version: 15.5.21
digest: sha256:b2468a898f2b9a6c50c1581a889b2c58459ee0e8e8d54ab58df85333a3bf0b5c
generated: "2024-08-12T20:38:32.095834379+02:00"
