dependencies:
- name: nessie
  repository: https://charts.projectnessie.org
  version: 0.93.1
- name: postgresql
  repository: https://charts.bitnami.com/bitnami
  version: 15.5.17
digest: sha256:8101e6e1a4a1c510d489f4ca25659a8b96666ef5adc0ddb1b0d028870ee43568
generated: "2024-07-20T21:13:12.019979957+02:00"
